
Microsoft Visual Studio Solution File, Format Version 12.00
# Visual Studio Version 17
VisualStudioVersion = 17.11.34929.205
MinimumVisualStudioVersion = 10.0.40219.1
Project("{9A19103F-16F7-4668-BE54-9A1E7A4F7556}") = "Model", "Model\Model.csproj", "{6E06F4A8-0046-4346-B4F6-4CAA4F39941D}"
EndProject
Project("{9A19103F-16F7-4668-BE54-9A1E7A4F7556}") = "DAO", "DAO\DAO.csproj", "{5497A187-D560-42BA-81EA-5D74DB538036}"
EndProject
Project("{9A19103F-16F7-4668-BE54-9A1E7A4F7556}") = "Repo", "Repo\Repo.csproj", "{4F1D6C35-2317-4E78-8BC5-170435ABF38C}"
EndProject
Project("{9A19103F-16F7-4668-BE54-9A1E7A4F7556}") = "WPFApp", "WPFApp1\WPFApp.csproj", "{C90D4573-DA43-4904-8B1F-DB92416D4159}"
EndProject
Project("{9A19103F-16F7-4668-BE54-9A1E7A4F7556}") = "Service", "Service\Service.csproj", "{068A2C9B-8831-4FA8-A1C6-12815E0C8E26}"
EndProject
Global
	GlobalSection(SolutionConfigurationPlatforms) = preSolution
		Debug|Any CPU = Debug|Any CPU
		Release|Any CPU = Release|Any CPU
	EndGlobalSection
	GlobalSection(ProjectConfigurationPlatforms) = postSolution
		{6E06F4A8-0046-4346-B4F6-4CAA4F39941D}.Debug|Any CPU.ActiveCfg = Debug|Any CPU
		{6E06F4A8-0046-4346-B4F6-4CAA4F39941D}.Debug|Any CPU.Build.0 = Debug|Any CPU
		{6E06F4A8-0046-4346-B4F6-4CAA4F39941D}.Release|Any CPU.ActiveCfg = Release|Any CPU
		{6E06F4A8-0046-4346-B4F6-4CAA4F39941D}.Release|Any CPU.Build.0 = Release|Any CPU
		{5497A187-D560-42BA-81EA-5D74DB538036}.Debug|Any CPU.ActiveCfg = Debug|Any CPU
		{5497A187-D560-42BA-81EA-5D74DB538036}.Debug|Any CPU.Build.0 = Debug|Any CPU
		{5497A187-D560-42BA-81EA-5D74DB538036}.Release|Any CPU.ActiveCfg = Release|Any CPU
		{5497A187-D560-42BA-81EA-5D74DB538036}.Release|Any CPU.Build.0 = Release|Any CPU
		{4F1D6C35-2317-4E78-8BC5-170435ABF38C}.Debug|Any CPU.ActiveCfg = Debug|Any CPU
		{4F1D6C35-2317-4E78-8BC5-170435ABF38C}.Debug|Any CPU.Build.0 = Debug|Any CPU
		{4F1D6C35-2317-4E78-8BC5-170435ABF38C}.Release|Any CPU.ActiveCfg = Release|Any CPU
		{4F1D6C35-2317-4E78-8BC5-170435ABF38C}.Release|Any CPU.Build.0 = Release|Any CPU
		{C90D4573-DA43-4904-8B1F-DB92416D4159}.Debug|Any CPU.ActiveCfg = Debug|Any CPU
		{C90D4573-DA43-4904-8B1F-DB92416D4159}.Debug|Any CPU.Build.0 = Debug|Any CPU
		{C90D4573-DA43-4904-8B1F-DB92416D4159}.Release|Any CPU.ActiveCfg = Release|Any CPU
		{C90D4573-DA43-4904-8B1F-DB92416D4159}.Release|Any CPU.Build.0 = Release|Any CPU
		{068A2C9B-8831-4FA8-A1C6-12815E0C8E26}.Debug|Any CPU.ActiveCfg = Debug|Any CPU
		{068A2C9B-8831-4FA8-A1C6-12815E0C8E26}.Debug|Any CPU.Build.0 = Debug|Any CPU
		{068A2C9B-8831-4FA8-A1C6-12815E0C8E26}.Release|Any CPU.ActiveCfg = Release|Any CPU
		{068A2C9B-8831-4FA8-A1C6-12815E0C8E26}.Release|Any CPU.Build.0 = Release|Any CPU
	EndGlobalSection
	GlobalSection(SolutionProperties) = preSolution
		HideSolutionNode = FALSE
	EndGlobalSection
	GlobalSection(ExtensibilityGlobals) = postSolution
		SolutionGuid = {62ECC404-F095-43C5-A91F-D126DC7377D1}
	EndGlobalSection
EndGlobal
