
Microsoft Visual Studio Solution File, Format Version 12.00
# Visual Studio Version 17
VisualStudioVersion = 17.11.34929.205
MinimumVisualStudioVersion = 10.0.40219.1
Project("{9A19103F-16F7-4668-BE54-9A1E7A4F7556}") = "WPFApp", "WPFApp.csproj", "{55282697-53CD-45E9-AC7F-0A859151395B}"
EndProject
Global
	GlobalSection(SolutionConfigurationPlatforms) = preSolution
		Debug|Any CPU = Debug|Any CPU
		Release|Any CPU = Release|Any CPU
	EndGlobalSection
	GlobalSection(ProjectConfigurationPlatforms) = postSolution
		{55282697-53CD-45E9-AC7F-0A859151395B}.Debug|Any CPU.ActiveCfg = Debug|Any CPU
		{55282697-53CD-45E9-AC7F-0A859151395B}.Debug|Any CPU.Build.0 = Debug|Any CPU
		{55282697-53CD-45E9-AC7F-0A859151395B}.Release|Any CPU.ActiveCfg = Release|Any CPU
		{55282697-53CD-45E9-AC7F-0A859151395B}.Release|Any CPU.Build.0 = Release|Any CPU
	EndGlobalSection
	GlobalSection(SolutionProperties) = preSolution
		HideSolutionNode = FALSE
	EndGlobalSection
	GlobalSection(ExtensibilityGlobals) = postSolution
		SolutionGuid = {E9698B71-08C2-4ABE-B0BE-5836DC41B3B7}
	EndGlobalSection
EndGlobal
